
Microsoft Visual Studio Solution File, Format Version 12.00
# Visual Studio Version 17
VisualStudioVersion = 17.5.33516.290
MinimumVisualStudioVersion = 10.0.40219.1
Project("{FAE04EC0-301F-11D3-BF4B-00C04F79EFBC}") = "ProyectoMuestra", "ProyectoMuestra\ProyectoMuestra.csproj", "{40375956-7C38-430D-A081-DC5BBF7495BA}"
EndProject
Project("{FAE04EC0-301F-11D3-BF4B-00C04F79EFBC}") = "MiLibreria", "MiLibreria\MiLibreria.csproj", "{0F6B69DB-05B2-4D00-932E-ADBE8C3D8E6C}"
EndProject
Global
	GlobalSection(SolutionConfigurationPlatforms) = preSolution
		Debug|Any CPU = Debug|Any CPU
		Release|Any CPU = Release|Any CPU
	EndGlobalSection
	GlobalSection(ProjectConfigurationPlatforms) = postSolution
		{40375956-7C38-430D-A081-DC5BBF7495BA}.Debug|Any CPU.ActiveCfg = Debug|Any CPU
		{40375956-7C38-430D-A081-DC5BBF7495BA}.Debug|Any CPU.Build.0 = Debug|Any CPU
		{40375956-7C38-430D-A081-DC5BBF7495BA}.Release|Any CPU.ActiveCfg = Release|Any CPU
		{40375956-7C38-430D-A081-DC5BBF7495BA}.Release|Any CPU.Build.0 = Release|Any CPU
		{0F6B69DB-05B2-4D00-932E-ADBE8C3D8E6C}.Debug|Any CPU.ActiveCfg = Debug|Any CPU
		{0F6B69DB-05B2-4D00-932E-ADBE8C3D8E6C}.Debug|Any CPU.Build.0 = Debug|Any CPU
		{0F6B69DB-05B2-4D00-932E-ADBE8C3D8E6C}.Release|Any CPU.ActiveCfg = Release|Any CPU
		{0F6B69DB-05B2-4D00-932E-ADBE8C3D8E6C}.Release|Any CPU.Build.0 = Release|Any CPU
	EndGlobalSection
	GlobalSection(SolutionProperties) = preSolution
		HideSolutionNode = FALSE
	EndGlobalSection
	GlobalSection(ExtensibilityGlobals) = postSolution
		SolutionGuid = {B990D9DD-8152-4176-8E75-60E7DE3286D1}
	EndGlobalSection
EndGlobal
